
Microsoft Visual Studio Solution File, Format Version 12.00
# Visual Studio Version 17
VisualStudioVersion = 17.10.35027.167
MinimumVisualStudioVersion = 10.0.40219.1
Project("{FAE04EC0-301F-11D3-BF4B-00C04F79EFBC}") = "RTheme", "RTheme.csproj", "{8BC01DE9-C52F-4963-B78C-274E621DBCBA}"
EndProject
Global
	GlobalSection(SolutionConfigurationPlatforms) = preSolution
		Debug|Any CPU = Debug|Any CPU
		Release|Any CPU = Release|Any CPU
	EndGlobalSection
	GlobalSection(ProjectConfigurationPlatforms) = postSolution
		{8BC01DE9-C52F-4963-B78C-274E621DBCBA}.Debug|Any CPU.ActiveCfg = Debug|Any CPU
		{8BC01DE9-C52F-4963-B78C-274E621DBCBA}.Debug|Any CPU.Build.0 = Debug|Any CPU
		{8BC01DE9-C52F-4963-B78C-274E621DBCBA}.Release|Any CPU.ActiveCfg = Release|Any CPU
		{8BC01DE9-C52F-4963-B78C-274E621DBCBA}.Release|Any CPU.Build.0 = Release|Any CPU
	EndGlobalSection
	GlobalSection(SolutionProperties) = preSolution
		HideSolutionNode = FALSE
	EndGlobalSection
	GlobalSection(ExtensibilityGlobals) = postSolution
		SolutionGuid = {693247DF-CDCB-41E6-B48A-27C48405D23E}
	EndGlobalSection
EndGlobal
